// !$*UTF8*$!
{
	archiveVersion = 1;
	classes = {
	};
	objectVersion = 46;
	objects = {

/* Begin PBXBuildFile section */
		94399CB2326C5CE8EE31C026 /* Pods_Quotebook.framework in Frameworks */ = {isa = PBXBuildFile; fileRef = F047D6BA79F76895343E5D7E /* Pods_Quotebook.framework */; };
		FF21688E1D88CCA300CF09AC /* EntryViewController.swift in Sources */ = {isa = PBXBuildFile; fileRef = FF21688D1D88CCA300CF09AC /* EntryViewController.swift */; };
		FF2168921D88CE6900CF09AC /* UIColorExtensions.swift in Sources */ = {isa = PBXBuildFile; fileRef = FF2168911D88CE6900CF09AC /* UIColorExtensions.swift */; };
		FF2168951D88D67700CF09AC /* PageMenuViewController.swift in Sources */ = {isa = PBXBuildFile; fileRef = FF2168941D88D67700CF09AC /* PageMenuViewController.swift */; };
		FF2168991D88D73200CF09AC /* HomeViewController.swift in Sources */ = {isa = PBXBuildFile; fileRef = FF2168981D88D73200CF09AC /* HomeViewController.swift */; };
		FF21689B1D88D75800CF09AC /* DiscoverViewController.swift in Sources */ = {isa = PBXBuildFile; fileRef = FF21689A1D88D75800CF09AC /* DiscoverViewController.swift */; };
		FF21689D1D88D97100CF09AC /* QuoteTableViewCell.swift in Sources */ = {isa = PBXBuildFile; fileRef = FF21689C1D88D97100CF09AC /* QuoteTableViewCell.swift */; };
		FF2168A01D88DF7500CF09AC /* UIImageExtension.swift in Sources */ = {isa = PBXBuildFile; fileRef = FF21689F1D88DF7500CF09AC /* UIImageExtension.swift */; };
		FF2168A21D88E68C00CF09AC /* Secrets.swift in Sources */ = {isa = PBXBuildFile; fileRef = FF2168A11D88E68C00CF09AC /* Secrets.swift */; };
		FF4A7B101D870EC600AF5D30 /* Assets.xcassets in Resources */ = {isa = PBXBuildFile; fileRef = FF4A7B0F1D870EC600AF5D30 /* Assets.xcassets */; };
		FF4A7B131D870EC600AF5D30 /* LaunchScreen.storyboard in Resources */ = {isa = PBXBuildFile; fileRef = FF4A7B111D870EC600AF5D30 /* LaunchScreen.storyboard */; };
		FF4A7B1F1D870F0E00AF5D30 /* AppDelegate.swift in Sources */ = {isa = PBXBuildFile; fileRef = FF4A7B1A1D870F0E00AF5D30 /* AppDelegate.swift */; };
		FF4A7B201D870F0E00AF5D30 /* Constants.swift in Sources */ = {isa = PBXBuildFile; fileRef = FF4A7B1B1D870F0E00AF5D30 /* Constants.swift */; };
		FF4A7B211D870F0E00AF5D30 /* Main.storyboard in Resources */ = {isa = PBXBuildFile; fileRef = FF4A7B1C1D870F0E00AF5D30 /* Main.storyboard */; };
		FF4A7B221D870F0E00AF5D30 /* UserDataStore.swift in Sources */ = {isa = PBXBuildFile; fileRef = FF4A7B1D1D870F0E00AF5D30 /* UserDataStore.swift */; };
		FF4A7B231D870F0E00AF5D30 /* QuotesAPI.swift in Sources */ = {isa = PBXBuildFile; fileRef = FF4A7B1E1D870F0E00AF5D30 /* QuotesAPI.swift */; };
/* End PBXBuildFile section */

/* Begin PBXFileReference section */
		194A54B0610CD0042BFF0F00 /* Pods-Quotebook.release.xcconfig */ = {isa = PBXFileReference; includeInIndex = 1; lastKnownFileType = text.xcconfig; name = "Pods-Quotebook.release.xcconfig"; path = "Pods/Target Support Files/Pods-Quotebook/Pods-Quotebook.release.xcconfig"; sourceTree = "<group>"; };
		8231C6D80AFBFE3587FCC2CF /* Pods-Quotebook.debug.xcconfig */ = {isa = PBXFileReference; includeInIndex = 1; lastKnownFileType = text.xcconfig; name = "Pods-Quotebook.debug.xcconfig"; path = "Pods/Target Support Files/Pods-Quotebook/Pods-Quotebook.debug.xcconfig"; sourceTree = "<group>"; };
		F047D6BA79F76895343E5D7E /* Pods_Quotebook.framework */ = {isa = PBXFileReference; explicitFileType = wrapper.framework; includeInIndex = 0; path = Pods_Quotebook.framework; sourceTree = BUILT_PRODUCTS_DIR; };
		FF21688D1D88CCA300CF09AC /* EntryViewController.swift */ = {isa = PBXFileReference; fileEncoding = 4; lastKnownFileType = sourcecode.swift; name = EntryViewController.swift; path = Quotebook/EntryViewController.swift; sourceTree = SOURCE_ROOT; };
		FF2168911D88CE6900CF09AC /* UIColorExtensions.swift */ = {isa = PBXFileReference; fileEncoding = 4; lastKnownFileType = sourcecode.swift; path = UIColorExtensions.swift; sourceTree = "<group>"; };
		FF2168941D88D67700CF09AC /* PageMenuViewController.swift */ = {isa = PBXFileReference; fileEncoding = 4; lastKnownFileType = sourcecode.swift; name = PageMenuViewController.swift; path = Quotebook/PageMenuViewController.swift; sourceTree = SOURCE_ROOT; };
		FF2168981D88D73200CF09AC /* HomeViewController.swift */ = {isa = PBXFileReference; fileEncoding = 4; lastKnownFileType = sourcecode.swift; path = HomeViewController.swift; sourceTree = "<group>"; };
		FF21689A1D88D75800CF09AC /* DiscoverViewController.swift */ = {isa = PBXFileReference; fileEncoding = 4; lastKnownFileType = sourcecode.swift; path = DiscoverViewController.swift; sourceTree = "<group>"; };
		FF21689C1D88D97100CF09AC /* QuoteTableViewCell.swift */ = {isa = PBXFileReference; fileEncoding = 4; lastKnownFileType = sourcecode.swift; path = QuoteTableViewCell.swift; sourceTree = "<group>"; };
		FF21689F1D88DF7500CF09AC /* UIImageExtension.swift */ = {isa = PBXFileReference; fileEncoding = 4; lastKnownFileType = sourcecode.swift; path = UIImageExtension.swift; sourceTree = "<group>"; };
		FF2168A11D88E68C00CF09AC /* Secrets.swift */ = {isa = PBXFileReference; fileEncoding = 4; lastKnownFileType = sourcecode.swift; path = Secrets.swift; sourceTree = "<group>"; };
		FF4A7B051D870EC600AF5D30 /* Quotebook.app */ = {isa = PBXFileReference; explicitFileType = wrapper.application; includeInIndex = 0; path = Quotebook.app; sourceTree = BUILT_PRODUCTS_DIR; };
		FF4A7B0F1D870EC600AF5D30 /* Assets.xcassets */ = {isa = PBXFileReference; lastKnownFileType = folder.assetcatalog; path = Assets.xcassets; sourceTree = "<group>"; };
		FF4A7B121D870EC600AF5D30 /* Base */ = {isa = PBXFileReference; lastKnownFileType = file.storyboard; name = Base; path = Base.lproj/LaunchScreen.storyboard; sourceTree = "<group>"; };
		FF4A7B141D870EC600AF5D30 /* Info.plist */ = {isa = PBXFileReference; lastKnownFileType = text.plist.xml; path = Info.plist; sourceTree = "<group>"; };
		FF4A7B1A1D870F0E00AF5D30 /* AppDelegate.swift */ = {isa = PBXFileReference; fileEncoding = 4; lastKnownFileType = sourcecode.swift; path = AppDelegate.swift; sourceTree = "<group>"; };
		FF4A7B1B1D870F0E00AF5D30 /* Constants.swift */ = {isa = PBXFileReference; fileEncoding = 4; lastKnownFileType = sourcecode.swift; path = Constants.swift; sourceTree = "<group>"; };
		FF4A7B1C1D870F0E00AF5D30 /* Main.storyboard */ = {isa = PBXFileReference; fileEncoding = 4; lastKnownFileType = file.storyboard; path = Main.storyboard; sourceTree = "<group>"; };
		FF4A7B1D1D870F0E00AF5D30 /* UserDataStore.swift */ = {isa = PBXFileReference; fileEncoding = 4; lastKnownFileType = sourcecode.swift; path = UserDataStore.swift; sourceTree = "<group>"; };
		FF4A7B1E1D870F0E00AF5D30 /* QuotesAPI.swift */ = {isa = PBXFileReference; fileEncoding = 4; lastKnownFileType = sourcecode.swift; path = QuotesAPI.swift; sourceTree = "<group>"; };
/* End PBXFileReference section */

/* Begin PBXFrameworksBuildPhase section */
		FF4A7B021D870EC600AF5D30 /* Frameworks */ = {
			isa = PBXFrameworksBuildPhase;
			buildActionMask = 2147483647;
			files = (
				94399CB2326C5CE8EE31C026 /* Pods_Quotebook.framework in Frameworks */,
			);
			runOnlyForDeploymentPostprocessing = 0;
		};
/* End PBXFrameworksBuildPhase section */

/* Begin PBXGroup section */
		AE6267DCEC17BAAA1015FEE1 /* Frameworks */ = {
			isa = PBXGroup;
			children = (
				F047D6BA79F76895343E5D7E /* Pods_Quotebook.framework */,
			);
			name = Frameworks;
			sourceTree = "<group>";
		};
		E5B8EAD46679B21698CA7E85 /* Pods */ = {
			isa = PBXGroup;
			children = (
				8231C6D80AFBFE3587FCC2CF /* Pods-Quotebook.debug.xcconfig */,
				194A54B0610CD0042BFF0F00 /* Pods-Quotebook.release.xcconfig */,
			);
			name = Pods;
			sourceTree = "<group>";
		};
		FF2168961D88D6FE00CF09AC /* Views */ = {
			isa = PBXGroup;
			children = (
				FF21688D1D88CCA300CF09AC /* EntryViewController.swift */,
				FF2168941D88D67700CF09AC /* PageMenuViewController.swift */,
				FF2168981D88D73200CF09AC /* HomeViewController.swift */,
				FF21689A1D88D75800CF09AC /* DiscoverViewController.swift */,
				FF21689E1D88D97F00CF09AC /* ReusableViews */,
			);
			name = Views;
			sourceTree = "<group>";
		};
		FF2168971D88D71B00CF09AC /* Extensions */ = {
			isa = PBXGroup;
			children = (
				FF2168911D88CE6900CF09AC /* UIColorExtensions.swift */,
				FF21689F1D88DF7500CF09AC /* UIImageExtension.swift */,
			);
			name = Extensions;
			sourceTree = "<group>";
		};
		FF21689E1D88D97F00CF09AC /* ReusableViews */ = {
			isa = PBXGroup;
			children = (
				FF21689C1D88D97100CF09AC /* QuoteTableViewCell.swift */,
			);
			name = ReusableViews;
			sourceTree = "<group>";
		};
		FF4A7AFC1D870EC600AF5D30 = {
			isa = PBXGroup;
			children = (
				FF4A7B071D870EC600AF5D30 /* Quotebook */,
				FF4A7B061D870EC600AF5D30 /* Products */,
				E5B8EAD46679B21698CA7E85 /* Pods */,
				AE6267DCEC17BAAA1015FEE1 /* Frameworks */,
			);
			sourceTree = "<group>";
		};
		FF4A7B061D870EC600AF5D30 /* Products */ = {
			isa = PBXGroup;
			children = (
				FF4A7B051D870EC600AF5D30 /* Quotebook.app */,
			);
			name = Products;
			sourceTree = "<group>";
		};
		FF4A7B071D870EC600AF5D30 /* Quotebook */ = {
			isa = PBXGroup;
			children = (
				FF2168A11D88E68C00CF09AC /* Secrets.swift */,
				FF4A7B1A1D870F0E00AF5D30 /* AppDelegate.swift */,
				FF4A7B1B1D870F0E00AF5D30 /* Constants.swift */,
				FF4A7B1C1D870F0E00AF5D30 /* Main.storyboard */,
				FF4A7B1D1D870F0E00AF5D30 /* UserDataStore.swift */,
				FF4A7B1E1D870F0E00AF5D30 /* QuotesAPI.swift */,
				FF2168961D88D6FE00CF09AC /* Views */,
				FF2168971D88D71B00CF09AC /* Extensions */,
				FF4A7B0F1D870EC600AF5D30 /* Assets.xcassets */,
				FF4A7B111D870EC600AF5D30 /* LaunchScreen.storyboard */,
				FF4A7B141D870EC600AF5D30 /* Info.plist */,
			);
			path = Quotebook;
			sourceTree = "<group>";
		};
/* End PBXGroup section */

/* Begin PBXNativeTarget section */
		FF4A7B041D870EC600AF5D30 /* Quotebook */ = {
			isa = PBXNativeTarget;
			buildConfigurationList = FF4A7B171D870EC600AF5D30 /* Build configuration list for PBXNativeTarget "Quotebook" */;
			buildPhases = (
				1C5E02762A02658AF848E1B6 /* [CP] Check Pods Manifest.lock */,
				FF4A7B011D870EC600AF5D30 /* Sources */,
				FF4A7B021D870EC600AF5D30 /* Frameworks */,
				FF4A7B031D870EC600AF5D30 /* Resources */,
				C2895630A06A1534A6BBFE5D /* [CP] Embed Pods Frameworks */,
				D441E9A1533D39F4EDC6155A /* [CP] Copy Pods Resources */,
			);
			buildRules = (
			);
			dependencies = (
			);
			name = Quotebook;
			productName = Quotebook;
			productReference = FF4A7B051D870EC600AF5D30 /* Quotebook.app */;
			productType = "com.apple.product-type.application";
		};
/* End PBXNativeTarget section */

/* Begin PBXProject section */
		FF4A7AFD1D870EC600AF5D30 /* Project object */ = {
			isa = PBXProject;
			attributes = {
				LastSwiftUpdateCheck = 0730;
				LastUpgradeCheck = 0730;
				ORGANIZATIONNAME = DavidVY;
				TargetAttributes = {
					FF4A7B041D870EC600AF5D30 = {
						CreatedOnToolsVersion = 7.3.1;
					};
				};
			};
			buildConfigurationList = FF4A7B001D870EC600AF5D30 /* Build configuration list for PBXProject "Quotebook" */;
			compatibilityVersion = "Xcode 3.2";
			developmentRegion = English;
			hasScannedForEncodings = 0;
			knownRegions = (
				en,
				Base,
			);
			mainGroup = FF4A7AFC1D870EC600AF5D30;
			productRefGroup = FF4A7B061D870EC600AF5D30 /* Products */;
			projectDirPath = "";
			projectRoot = "";
			targets = (
				FF4A7B041D870EC600AF5D30 /* Quotebook */,
			);
		};
/* End PBXProject section */

/* Begin PBXResourcesBuildPhase section */
		FF4A7B031D870EC600AF5D30 /* Resources */ = {
			isa = PBXResourcesBuildPhase;
			buildActionMask = 2147483647;
			files = (
				FF4A7B211D870F0E00AF5D30 /* Main.storyboard in Resources */,
				FF4A7B131D870EC600AF5D30 /* LaunchScreen.storyboard in Resources */,
				FF4A7B101D870EC600AF5D30 /* Assets.xcassets in Resources */,
			);
			runOnlyForDeploymentPostprocessing = 0;
		};
/* End PBXResourcesBuildPhase section */

/* Begin PBXShellScriptBuildPhase section */
		1C5E02762A02658AF848E1B6 /* [CP] Check Pods Manifest.lock */ = {
			isa = PBXShellScriptBuildPhase;
			buildActionMask = 2147483647;
			files = (
			);
			inputPaths = (
			);
			name = "[CP] Check Pods Manifest.lock";
			outputPaths = (
			);
			runOnlyForDeploymentPostprocessing = 0;
			shellPath = /bin/sh;
			shellScript = "diff \"${PODS_ROOT}/../Podfile.lock\" \"${PODS_ROOT}/Manifest.lock\" > /dev/null\nif [[ $? != 0 ]] ; then\n    cat << EOM\nerror: The sandbox is not in sync with the Podfile.lock. Run 'pod install' or update your CocoaPods installation.\nEOM\n    exit 1\nfi\n";
			showEnvVarsInLog = 0;
		};
		C2895630A06A1534A6BBFE5D /* [CP] Embed Pods Frameworks */ = {
			isa = PBXShellScriptBuildPhase;
			buildActionMask = 2147483647;
			files = (
			);
			inputPaths = (
			);
			name = "[CP] Embed Pods Frameworks";
			outputPaths = (
			);
			runOnlyForDeploymentPostprocessing = 0;
			shellPath = /bin/sh;
			shellScript = "\"${SRCROOT}/Pods/Target Support Files/Pods-Quotebook/Pods-Quotebook-frameworks.sh\"\n";
			showEnvVarsInLog = 0;
		};
		D441E9A1533D39F4EDC6155A /* [CP] Copy Pods Resources */ = {
			isa = PBXShellScriptBuildPhase;
			buildActionMask = 2147483647;
			files = (
			);
			inputPaths = (
			);
			name = "[CP] Copy Pods Resources";
			outputPaths = (
			);
			runOnlyForDeploymentPostprocessing = 0;
			shellPath = /bin/sh;
			shellScript = "\"${SRCROOT}/Pods/Target Support Files/Pods-Quotebook/Pods-Quotebook-resources.sh\"\n";
			showEnvVarsInLog = 0;
		};
/* End PBXShellScriptBuildPhase section */

/* Begin PBXSourcesBuildPhase section */
		FF4A7B011D870EC600AF5D30 /* Sources */ = {
			isa = PBXSourcesBuildPhase;
			buildActionMask = 2147483647;
			files = (
				FF21689B1D88D75800CF09AC /* DiscoverViewController.swift in Sources */,
				FF2168A21D88E68C00CF09AC /* Secrets.swift in Sources */,
				FF4A7B221D870F0E00AF5D30 /* UserDataStore.swift in Sources */,
				FF21688E1D88CCA300CF09AC /* EntryViewController.swift in Sources */,
				FF4A7B231D870F0E00AF5D30 /* QuotesAPI.swift in Sources */,
				FF2168A01D88DF7500CF09AC /* UIImageExtension.swift in Sources */,
				FF21689D1D88D97100CF09AC /* QuoteTableViewCell.swift in Sources */,
				FF2168991D88D73200CF09AC /* HomeViewController.swift in Sources */,
				FF2168921D88CE6900CF09AC /* UIColorExtensions.swift in Sources */,
				FF4A7B1F1D870F0E00AF5D30 /* AppDelegate.swift in Sources */,
				FF2168951D88D67700CF09AC /* PageMenuViewController.swift in Sources */,
				FF4A7B201D870F0E00AF5D30 /* Constants.swift in Sources */,
			);
			runOnlyForDeploymentPostprocessing = 0;
		};
/* End PBXSourcesBuildPhase section */

/* Begin PBXVariantGroup section */
		FF4A7B111D870EC600AF5D30 /* LaunchScreen.storyboard */ = {
			isa = PBXVariantGroup;
			children = (
				FF4A7B121D870EC600AF5D30 /* Base */,
			);
			name = LaunchScreen.storyboard;
			sourceTree = "<group>";
		};
/* End PBXVariantGroup section */

/* Begin XCBuildConfiguration section */
		FF4A7B151D870EC600AF5D30 /* Debug */ = {
			isa = XCBuildConfiguration;
			buildSettings = {
				ALWAYS_SEARCH_USER_PATHS = NO;
				CLANG_ANALYZER_NONNULL = YES;
				CLANG_CXX_LANGUAGE_STANDARD = "gnu++0x";
				CLANG_CXX_LIBRARY = "libc++";
				CLANG_ENABLE_MODULES = YES;
				CLANG_ENABLE_OBJC_ARC = YES;
				CLANG_WARN_BOOL_CONVERSION = YES;
				CLANG_WARN_CONSTANT_CONVERSION = YES;
				CLANG_WARN_DIRECT_OBJC_ISA_USAGE = YES_ERROR;
				CLANG_WARN_EMPTY_BODY = YES;
				CLANG_WARN_ENUM_CONVERSION = YES;
				CLANG_WARN_INT_CONVERSION = YES;
				CLANG_WARN_OBJC_ROOT_CLASS = YES_ERROR;
				CLANG_WARN_UNREACHABLE_CODE = YES;
				CLANG_WARN__DUPLICATE_METHOD_MATCH = YES;
				"CODE_SIGN_IDENTITY[sdk=iphoneos*]" = "iPhone Developer";
				COPY_PHASE_STRIP = NO;
				DEBUG_INFORMATION_FORMAT = dwarf;
				ENABLE_STRICT_OBJC_MSGSEND = YES;
				ENABLE_TESTABILITY = YES;
				GCC_C_LANGUAGE_STANDARD = gnu99;
				GCC_DYNAMIC_NO_PIC = NO;
				GCC_NO_COMMON_BLOCKS = YES;
				GCC_OPTIMIZATION_LEVEL = 0;
				GCC_PREPROCESSOR_DEFINITIONS = (
					"DEBUG=1",
					"$(inherited)",
				);
				GCC_WARN_64_TO_32_BIT_CONVERSION = YES;
				GCC_WARN_ABOUT_RETURN_TYPE = YES_ERROR;
				GCC_WARN_UNDECLARED_SELECTOR = YES;
				GCC_WARN_UNINITIALIZED_AUTOS = YES_AGGRESSIVE;
				GCC_WARN_UNUSED_FUNCTION = YES;
				GCC_WARN_UNUSED_VARIABLE = YES;
				IPHONEOS_DEPLOYMENT_TARGET = 9.3;
				MTL_ENABLE_DEBUG_INFO = YES;
				ONLY_ACTIVE_ARCH = YES;
				SDKROOT = iphoneos;
				SWIFT_OPTIMIZATION_LEVEL = "-Onone";
				TARGETED_DEVICE_FAMILY = "1,2";
			};
			name = Debug;
		};
		FF4A7B161D870EC600AF5D30 /* Release */ = {
			isa = XCBuildConfiguration;
			buildSettings = {
				ALWAYS_SEARCH_USER_PATHS = NO;
				CLANG_ANALYZER_NONNULL = YES;
				CLANG_CXX_LANGUAGE_STANDARD = "gnu++0x";
				CLANG_CXX_LIBRARY = "libc++";
				CLANG_ENABLE_MODULES = YES;
				CLANG_ENABLE_OBJC_ARC = YES;
				CLANG_WARN_BOOL_CONVERSION = YES;
				CLANG_WARN_CONSTANT_CONVERSION = YES;
				CLANG_WARN_DIRECT_OBJC_ISA_USAGE = YES_ERROR;
				CLANG_WARN_EMPTY_BODY = YES;
				CLANG_WARN_ENUM_CONVERSION = YES;
				CLANG_WARN_INT_CONVERSION = YES;
				CLANG_WARN_OBJC_ROOT_CLASS = YES_ERROR;
				CLANG_WARN_UNREACHABLE_CODE = YES;
				CLANG_WARN__DUPLICATE_METHOD_MATCH = YES;
				"CODE_SIGN_IDENTITY[sdk=iphoneos*]" = "iPhone Developer";
				COPY_PHASE_STRIP = NO;
				DEBUG_INFORMATION_FORMAT = "dwarf-with-dsym";
				ENABLE_NS_ASSERTIONS = NO;
				ENABLE_STRICT_OBJC_MSGSEND = YES;
				GCC_C_LANGUAGE_STANDARD = gnu99;
				GCC_NO_COMMON_BLOCKS = YES;
				GCC_WARN_64_TO_32_BIT_CONVERSION = YES;
				GCC_WARN_ABOUT_RETURN_TYPE = YES_ERROR;
				GCC_WARN_UNDECLARED_SELECTOR = YES;
				GCC_WARN_UNINITIALIZED_AUTOS = YES_AGGRESSIVE;
				GCC_WARN_UNUSED_FUNCTION = YES;
				GCC_WARN_UNUSED_VARIABLE = YES;
				IPHONEOS_DEPLOYMENT_TARGET = 9.3;
				MTL_ENABLE_DEBUG_INFO = NO;
				SDKROOT = iphoneos;
				TARGETED_DEVICE_FAMILY = "1,2";
				VALIDATE_PRODUCT = YES;
			};
			name = Release;
		};
		FF4A7B181D870EC600AF5D30 /* Debug */ = {
			isa = XCBuildConfiguration;
			baseConfigurationReference = 8231C6D80AFBFE3587FCC2CF /* Pods-Quotebook.debug.xcconfig */;
			buildSettings = {
				ASSETCATALOG_COMPILER_APPICON_NAME = AppIcon;
				CLANG_ENABLE_MODULES = YES;
				INFOPLIST_FILE = Quotebook/Info.plist;
				LD_RUNPATH_SEARCH_PATHS = "$(inherited) @executable_path/Frameworks";
				PRODUCT_BUNDLE_IDENTIFIER = DavidVY.Quotebook;
				PRODUCT_NAME = "$(TARGET_NAME)";
				SWIFT_OPTIMIZATION_LEVEL = "-Onone";
			};
			name = Debug;
		};
		FF4A7B191D870EC600AF5D30 /* Release */ = {
			isa = XCBuildConfiguration;
			baseConfigurationReference = 194A54B0610CD0042BFF0F00 /* Pods-Quotebook.release.xcconfig */;
			buildSettings = {
				ASSETCATALOG_COMPILER_APPICON_NAME = AppIcon;
				CLANG_ENABLE_MODULES = YES;
				INFOPLIST_FILE = Quotebook/Info.plist;
				LD_RUNPATH_SEARCH_PATHS = "$(inherited) @executable_path/Frameworks";
				PRODUCT_BUNDLE_IDENTIFIER = DavidVY.Quotebook;
				PRODUCT_NAME = "$(TARGET_NAME)";
			};
			name = Release;
		};
/* End XCBuildConfiguration section */

/* Begin XCConfigurationList section */
		FF4A7B001D870EC600AF5D30 /* Build configuration list for PBXProject "Quotebook" */ = {
			isa = XCConfigurationList;
			buildConfigurations = (
				FF4A7B151D870EC600AF5D30 /* Debug */,
				FF4A7B161D870EC600AF5D30 /* Release */,
			);
			defaultConfigurationIsVisible = 0;
			defaultConfigurationName = Release;
		};
		FF4A7B171D870EC600AF5D30 /* Build configuration list for PBXNativeTarget "Quotebook" */ = {
			isa = XCConfigurationList;
			buildConfigurations = (
				FF4A7B181D870EC600AF5D30 /* Debug */,
				FF4A7B191D870EC600AF5D30 /* Release */,
			);
			defaultConfigurationIsVisible = 0;
			defaultConfigurationName = Release;
		};
/* End XCConfigurationList section */
	};
	rootObject = FF4A7AFD1D870EC600AF5D30 /* Project object */;
}
